
Microsoft Visual Studio Solution File, Format Version 12.00
# Visual Studio Version 17
VisualStudioVersion = 17.3.32901.215
MinimumVisualStudioVersion = 10.0.40219.1
Project("{8BC9CEB8-8B4A-11D0-8D11-00A0C91BC942}") = "Task1", "Task1\Task1.vcxproj", "{9FADF994-159D-424A-8675-B9A4EC0B11C6}"
EndProject
Project("{8BC9CEB8-8B4A-11D0-8D11-00A0C91BC942}") = "Task2", "Task2\Task2.vcxproj", "{ECD8B9B3-AB10-4928-ADC2-097C5E50FE77}"
EndProject
Project("{2150E333-8FDC-42A3-9474-1A3956D46DE8}") = "Элементы решения", "Элементы решения", "{8C46B213-6572-4B6B-B724-3FE20B65204E}"
	ProjectSection(SolutionItems) = preProject
		README.md = README.md
	EndProjectSection
EndProject
Project("{8BC9CEB8-8B4A-11D0-8D11-00A0C91BC942}") = "Task3", "Task3\Task3.vcxproj", "{9CD359E3-08E2-469D-9B8B-D9E000FB7159}"
EndProject
Project("{8BC9CEB8-8B4A-11D0-8D11-00A0C91BC942}") = "Task4", "Task4\Task4.vcxproj", "{A15FAE4B-A666-4EF9-86CA-651D78B8A37D}"
EndProject
Global
	GlobalSection(SolutionConfigurationPlatforms) = preSolution
		Debug|x64 = Debug|x64
		Debug|x86 = Debug|x86
		Release|x64 = Release|x64
		Release|x86 = Release|x86
	EndGlobalSection
	GlobalSection(ProjectConfigurationPlatforms) = postSolution
		{9FADF994-159D-424A-8675-B9A4EC0B11C6}.Debug|x64.ActiveCfg = Debug|x64
		{9FADF994-159D-424A-8675-B9A4EC0B11C6}.Debug|x64.Build.0 = Debug|x64
		{9FADF994-159D-424A-8675-B9A4EC0B11C6}.Debug|x86.ActiveCfg = Debug|Win32
		{9FADF994-159D-424A-8675-B9A4EC0B11C6}.Debug|x86.Build.0 = Debug|Win32
		{9FADF994-159D-424A-8675-B9A4EC0B11C6}.Release|x64.ActiveCfg = Release|x64
		{9FADF994-159D-424A-8675-B9A4EC0B11C6}.Release|x64.Build.0 = Release|x64
		{9FADF994-159D-424A-8675-B9A4EC0B11C6}.Release|x86.ActiveCfg = Release|Win32
		{9FADF994-159D-424A-8675-B9A4EC0B11C6}.Release|x86.Build.0 = Release|Win32
		{ECD8B9B3-AB10-4928-ADC2-097C5E50FE77}.Debug|x64.ActiveCfg = Debug|x64
		{ECD8B9B3-AB10-4928-ADC2-097C5E50FE77}.Debug|x64.Build.0 = Debug|x64
		{ECD8B9B3-AB10-4928-ADC2-097C5E50FE77}.Debug|x86.ActiveCfg = Debug|Win32
		{ECD8B9B3-AB10-4928-ADC2-097C5E50FE77}.Debug|x86.Build.0 = Debug|Win32
		{ECD8B9B3-AB10-4928-ADC2-097C5E50FE77}.Release|x64.ActiveCfg = Release|x64
		{ECD8B9B3-AB10-4928-ADC2-097C5E50FE77}.Release|x64.Build.0 = Release|x64
		{ECD8B9B3-AB10-4928-ADC2-097C5E50FE77}.Release|x86.ActiveCfg = Release|Win32
		{ECD8B9B3-AB10-4928-ADC2-097C5E50FE77}.Release|x86.Build.0 = Release|Win32
		{9CD359E3-08E2-469D-9B8B-D9E000FB7159}.Debug|x64.ActiveCfg = Debug|x64
		{9CD359E3-08E2-469D-9B8B-D9E000FB7159}.Debug|x64.Build.0 = Debug|x64
		{9CD359E3-08E2-469D-9B8B-D9E000FB7159}.Debug|x86.ActiveCfg = Debug|Win32
		{9CD359E3-08E2-469D-9B8B-D9E000FB7159}.Debug|x86.Build.0 = Debug|Win32
		{9CD359E3-08E2-469D-9B8B-D9E000FB7159}.Release|x64.ActiveCfg = Release|x64
		{9CD359E3-08E2-469D-9B8B-D9E000FB7159}.Release|x64.Build.0 = Release|x64
		{9CD359E3-08E2-469D-9B8B-D9E000FB7159}.Release|x86.ActiveCfg = Release|Win32
		{9CD359E3-08E2-469D-9B8B-D9E000FB7159}.Release|x86.Build.0 = Release|Win32
		{A15FAE4B-A666-4EF9-86CA-651D78B8A37D}.Debug|x64.ActiveCfg = Debug|x64
		{A15FAE4B-A666-4EF9-86CA-651D78B8A37D}.Debug|x64.Build.0 = Debug|x64
		{A15FAE4B-A666-4EF9-86CA-651D78B8A37D}.Debug|x86.ActiveCfg = Debug|Win32
		{A15FAE4B-A666-4EF9-86CA-651D78B8A37D}.Debug|x86.Build.0 = Debug|Win32
		{A15FAE4B-A666-4EF9-86CA-651D78B8A37D}.Release|x64.ActiveCfg = Release|x64
		{A15FAE4B-A666-4EF9-86CA-651D78B8A37D}.Release|x64.Build.0 = Release|x64
		{A15FAE4B-A666-4EF9-86CA-651D78B8A37D}.Release|x86.ActiveCfg = Release|Win32
		{A15FAE4B-A666-4EF9-86CA-651D78B8A37D}.Release|x86.Build.0 = Release|Win32
	EndGlobalSection
	GlobalSection(SolutionProperties) = preSolution
		HideSolutionNode = FALSE
	EndGlobalSection
	GlobalSection(ExtensibilityGlobals) = postSolution
		SolutionGuid = {C4384B41-1D4E-40B4-9767-2FB79260EA04}
	EndGlobalSection
EndGlobal
